
Microsoft Visual Studio Solution File, Format Version 12.00
# Visual Studio Version 17
VisualStudioVersion = 17.14.36401.2 d17.14
MinimumVisualStudioVersion = 10.0.40219.1
Project("{FAE04EC0-301F-11D3-BF4B-00C04F79EFBC}") = "StudentGradingApp.cs", "StudentGradingApp.cs\StudentGradingApp.cs.csproj", "{22386299-171B-4187-AC8B-3FE590EB5014}"
EndProject
Global
	GlobalSection(SolutionConfigurationPlatforms) = preSolution
		Debug|Any CPU = Debug|Any CPU
		Release|Any CPU = Release|Any CPU
	EndGlobalSection
	GlobalSection(ProjectConfigurationPlatforms) = postSolution
		{22386299-171B-4187-AC8B-3FE590EB5014}.Debug|Any CPU.ActiveCfg = Debug|Any CPU
		{22386299-171B-4187-AC8B-3FE590EB5014}.Debug|Any CPU.Build.0 = Debug|Any CPU
		{22386299-171B-4187-AC8B-3FE590EB5014}.Release|Any CPU.ActiveCfg = Release|Any CPU
		{22386299-171B-4187-AC8B-3FE590EB5014}.Release|Any CPU.Build.0 = Release|Any CPU
	EndGlobalSection
	GlobalSection(SolutionProperties) = preSolution
		HideSolutionNode = FALSE
	EndGlobalSection
	GlobalSection(ExtensibilityGlobals) = postSolution
		SolutionGuid = {6416204B-E147-49CA-8D26-CF677159B576}
	EndGlobalSection
EndGlobal
