
Microsoft Visual Studio Solution File, Format Version 12.00
# Visual Studio Version 17
VisualStudioVersion = 17.14.36401.2 d17.14
MinimumVisualStudioVersion = 10.0.40219.1
Project("{FAE04EC0-301F-11D3-BF4B-00C04F79EFBC}") = "WarehouseInventoryApp.cs", "WarehouseInventoryApp.cs\WarehouseInventoryApp.cs.csproj", "{9125A6AB-71E7-491A-9741-4C107A0BC7FD}"
EndProject
Global
	GlobalSection(SolutionConfigurationPlatforms) = preSolution
		Debug|Any CPU = Debug|Any CPU
		Release|Any CPU = Release|Any CPU
	EndGlobalSection
	GlobalSection(ProjectConfigurationPlatforms) = postSolution
		{9125A6AB-71E7-491A-9741-4C107A0BC7FD}.Debug|Any CPU.ActiveCfg = Debug|Any CPU
		{9125A6AB-71E7-491A-9741-4C107A0BC7FD}.Debug|Any CPU.Build.0 = Debug|Any CPU
		{9125A6AB-71E7-491A-9741-4C107A0BC7FD}.Release|Any CPU.ActiveCfg = Release|Any CPU
		{9125A6AB-71E7-491A-9741-4C107A0BC7FD}.Release|Any CPU.Build.0 = Release|Any CPU
	EndGlobalSection
	GlobalSection(SolutionProperties) = preSolution
		HideSolutionNode = FALSE
	EndGlobalSection
	GlobalSection(ExtensibilityGlobals) = postSolution
		SolutionGuid = {149EE33B-9A3E-4B14-A069-68E88564E9F8}
	EndGlobalSection
EndGlobal
