
Microsoft Visual Studio Solution File, Format Version 12.00
# Visual Studio Version 17
VisualStudioVersion = 17.14.36401.2 d17.14
MinimumVisualStudioVersion = 10.0.40219.1
Project("{FAE04EC0-301F-11D3-BF4B-00C04F79EFBC}") = "InventoryLoggerApp.cs", "InventoryLoggerApp.cs\InventoryLoggerApp.cs.csproj", "{DE8D4C51-6CD6-47D0-A60B-CA3942500FF4}"
EndProject
Global
	GlobalSection(SolutionConfigurationPlatforms) = preSolution
		Debug|Any CPU = Debug|Any CPU
		Release|Any CPU = Release|Any CPU
	EndGlobalSection
	GlobalSection(ProjectConfigurationPlatforms) = postSolution
		{DE8D4C51-6CD6-47D0-A60B-CA3942500FF4}.Debug|Any CPU.ActiveCfg = Debug|Any CPU
		{DE8D4C51-6CD6-47D0-A60B-CA3942500FF4}.Debug|Any CPU.Build.0 = Debug|Any CPU
		{DE8D4C51-6CD6-47D0-A60B-CA3942500FF4}.Release|Any CPU.ActiveCfg = Release|Any CPU
		{DE8D4C51-6CD6-47D0-A60B-CA3942500FF4}.Release|Any CPU.Build.0 = Release|Any CPU
	EndGlobalSection
	GlobalSection(SolutionProperties) = preSolution
		HideSolutionNode = FALSE
	EndGlobalSection
	GlobalSection(ExtensibilityGlobals) = postSolution
		SolutionGuid = {7D4C9839-4BB9-4A59-B0C8-500CA3806B60}
	EndGlobalSection
EndGlobal
